{
  "packages": {
    "go": "/nix/store/0a3dyfq09dnkw28ap2i450wjimvdmv6s-go-1.25.4",
    "neovim": "/nix/store/qnv9sbhbw70v990q01432ipqkl4y0dcc-neovim-0.2.1",
    "ripgrep": "/nix/store/2fngznir58zqpvg2wl7iy5amlsbzhf9p-ripgrep-15.1.0"
  },
  "closure": {
    "0a3dyfq09dnkw28ap2i450wjimvdmv6s": {
      "StorePath": "/nix/store/0a3dyfq09dnkw28ap2i450wjimvdmv6s-go-1.25.4",
      "URL": "nar/0p8hg0zp2nygia0mj6xx90mpri52m56nign2hiazvvq8yl3jfy9j.nar.xz",
      "References": [
        "148w3ssbgc4wf6xcp6j0s5vy5mz41i8y-iana-etc-20250505",
        "g4z9m2pl1wcv35yzgjg1934gmj83gx9m-mailcap-2.1.54",
        "rlq03x4cwf8zn73hxaxnx0zn5q9kifls-bash-5.3p3",
        "xaa75rd44q62nc9mrbvym9d1m6gy0fj8-tzdata-2025b",
        "xx7cm72qy2c0643cm1ipngd87aqwkcdp-glibc-2.40-66"
      ]
    },
    "148w3ssbgc4wf6xcp6j0s5vy5mz41i8y": {
      "StorePath": "/nix/store/148w3ssbgc4wf6xcp6j0s5vy5mz41i8y-iana-etc-20250505",
      "URL": "nar/1jirzhcykqwm0mzzyfml59bcbvpkc6cvqzcmfy1y191yxipvkyg9.nar.xz",
      "References": [
        "148w3ssbgc4wf6xcp6j0s5vy5mz41i8y-iana-etc-20250505"
      ]
    },
    "1fjvjshcrcf1lzmrpgn0wjvggz2x982a": {
      "StorePath": "/nix/store/1fjvjshcrcf1lzmrpgn0wjvggz2x982a-libmsgpack-2.1.5",
      "URL": "nar/03ig79b6np12i80mxgq27lysvld0w5j1zl10c7jncivb6zbxqr6c.nar.xz",
      "References": [
        "1fjvjshcrcf1lzmrpgn0wjvggz2x982a-libmsgpack-2.1.5",
        "1zv5dwifxg5fh08gif8ld3h9f40y8czh-glibc-2.26-115"
      ]
    },
    "1jzzs3axv8iwx9h0rndcnk7jh9b7v3wg": {
      "StorePath": "/nix/store/1jzzs3axv8iwx9h0rndcnk7jh9b7v3wg-db-5.3.28",
      "URL": "nar/0xa6bnqylwxpdhb7liann6am3aj9y86d1ybmsr85ydadslzwf7l8.nar.xz",
      "References": [
        "1jzzs3axv8iwx9h0rndcnk7jh9b7v3wg-db-5.3.28",
        "1zv5dwifxg5fh08gif8ld3h9f40y8czh-glibc-2.26-115",
        "yfkvvnp2ak44nlhfm4xq82i52kzrj4cc-gcc-6.4.0-lib"
      ]
    },
    "1zv5dwifxg5fh08gif8ld3h9f40y8czh": {
      "StorePath": "/nix/store/1zv5dwifxg5fh08gif8ld3h9f40y8czh-glibc-2.26-115",
      "URL": "nar/0jcasrildfiml4k81v2pqvdrj7rhxz1q8404lijik0b0zcxdp2h3.nar.xz",
      "References": [
        "1zv5dwifxg5fh08gif8ld3h9f40y8czh-glibc-2.26-115"
      ]
    },
    "292g14vvf1p8h3nkdx4vvq7b1bh3p1ww": {
      "StorePath": "/nix/store/292g14vvf1p8h3nkdx4vvq7b1bh3p1ww-glibc-2.26-115-bin",
      "URL": "nar/1cp5kayg9pv0qb88plz1rrnis54pdb7c3dm7pn0s8nphlkn1l6ga.nar.xz",
      "References": [
        "1zv5dwifxg5fh08gif8ld3h9f40y8czh-glibc-2.26-115",
        "292g14vvf1p8h3nkdx4vvq7b1bh3p1ww-glibc-2.26-115-bin"
      ]
    },
    "2a3izq4hffdd9r9gb2w6q2ibdc86kss6": {
      "StorePath": "/nix/store/2a3izq4hffdd9r9gb2w6q2ibdc86kss6-xgcc-14.3.0-libgcc",
      "URL": "nar/1125zqba8cx8wbfa632vy458a3j3xja0qpcqafsfdildyl9dqa7x.nar.xz",
      "References": null
    },
    "2crl0amdl0snflar5zmvkzdi5dn933zr": {
      "StorePath": "/nix/store/2crl0amdl0snflar5zmvkzdi5dn933zr-libyaml-0.1.7",
      "URL": "nar/1j04ic6gy8idd40xw9yqdbxsh6y2x9y3rn54rdx7xsl5whlmvn2a.nar.xz",
      "References": [
        "1zv5dwifxg5fh08gif8ld3h9f40y8czh-glibc-2.26-115",
        "2crl0amdl0snflar5zmvkzdi5dn933zr-libyaml-0.1.7"
      ]
    },
    "2cws7lpkv8pfw3jma5g4jh4qf3hnfsyh": {
      "StorePath": "/nix/store/2cws7lpkv8pfw3jma5g4jh4qf3hnfsyh-binutils-wrapper-2.28.1",
      "URL": "nar/0m13vibzd0wkrjhjypya55s48rq6f0cnbmvyjjvxpva6d2hd5207.nar.xz",
      "References": [
        "1zv5dwifxg5fh08gif8ld3h9f40y8czh-glibc-2.26-115",
        "292g14vvf1p8h3nkdx4vvq7b1bh3p1ww-glibc-2.26-115-bin",
        "2cws7lpkv8pfw3jma5g4jh4qf3hnfsyh-binutils-wrapper-2.28.1",
        "9mq51i06492rn8ihavf0ff9j38pldg68-coreutils-8.29",
        "a9azik4fmwxars0na4aqjfp04rxwkpnw-expand-response-params",
        "nkq0n2m4shlbdvdq0qijib5zyzgmn0vq-bash-4.4-p12",
        "p2bkk31685y6b4l30bp9961g6kd133wd-glibc-2.26-115-dev",
        "wxn5gn8amxm1w0ikcx4gbs8a17wvss4j-binutils-2.28.1"
      ]
    },
    "2fngznir58zqpvg2wl7iy5amlsbzhf9p": {
      "StorePath": "/nix/store/2fngznir58zqpvg2wl7iy5amlsbzhf9p-ripgrep-15.1.0",
      "URL": "nar/00k93jwramlqiibsjy2dx3nlc8w00fzxx7aq1xibfzv0zsw450x9.nar.xz",
      "References": [
        "6y07blp88mrgn05wxbif8yzmd0g2ss4x-pcre2-10.46",
        "xm08aqdd7pxcdhm0ak6aqb1v7hw5q6ri-gcc-14.3.0-lib",
        "xx7cm72qy2c0643cm1ipngd87aqwkcdp-glibc-2.40-66"
      ]
    },
    "3bqfa90r2vcm5sg40lkylrwhl4mpmq0v": {
      "StorePath": "/nix/store/3bqfa90r2vcm5sg40lkylrwhl4mpmq0v-libXau-1.0.8",
      "URL": "nar/11w03b1pyqz1p4b2s6nrzaqcx22ykywah61111kb1v5hrgmwwwld.nar.xz",
      "References": [
        "1zv5dwifxg5fh08gif8ld3h9f40y8czh-glibc-2.26-115",
        "3bqfa90r2vcm5sg40lkylrwhl4mpmq0v-libXau-1.0.8"
      ]
    },
    "3d5vzizh55xl7mk7dq6hxmx2x3r83788": {
      "StorePath": "/nix/store/3d5vzizh55xl7mk7dq6hxmx2x3r83788-ruby-2.3.6",
      "URL": "nar/1qf7ykgcn64qxdzxncxxyfs2c0dh1x7izcaxgzg7951vcj5x2hwy.nar.xz",
      "References": [
        "1zv5dwifxg5fh08gif8ld3h9f40y8czh-glibc-2.26-115",
        "2crl0amdl0snflar5zmvkzdi5dn933zr-libyaml-0.1.7",
        "3d5vzizh55xl7mk7dq6hxmx2x3r83788-ruby-2.3.6",
        "9mq51i06492rn8ihavf0ff9j38pldg68-coreutils-8.29",
        "a8ccdnd1hbsk9r03vvfprwmmrf3hwdjh-readline-6.3p08",
        "a96ckwqkcjpibqvfgwqi4v0pjlizba8j-gnugrep-3.1",
        "dkipv39s32brad6yrkcnij0kkdlf9nkz-ncurses-6.0-20171125",
        "dzm1rhjx50g7bc7klkxdsdb75pz6fpzg-libffi-3.2.1",
        "la2xxf4grdyf37a94ak28m7a61yjqzr9-zlib-1.2.11",
        "nkq0n2m4shlbdvdq0qijib5zyzgmn0vq-bash-4.4-p12",
        "s12d9fcyrb1k6zbpm95xzwx0i1pxc267-gdbm-1.13",
        "v8z56hjwli0yxqczzajg5fhi4n6vm65f-openssl-1.0.2n"
      ]
    },
    "3rkccxj7vi0p2a0d48c4a4z2vv2cni88": {
      "StorePath": "/nix/store/3rkccxj7vi0p2a0d48c4a4z2vv2cni88-libunistring-1.4.1",
      "URL": "nar/1qiiqq1297gsynq6xhcrv21l450gpgnylqahjk7bl4wvb96ca42m.nar.xz",
      "References": [
        "3rkccxj7vi0p2a0d48c4a4z2vv2cni88-libunistring-1.4.1"
      ]
    },
    "4sjmn78w3x034h0w9lig699amnfmh9rp": {
      "StorePath": "/nix/store/4sjmn78w3x034h0w9lig699amnfmh9rp-python-2.7.14-env",
      "URL": "nar/18qplvz35cv0ixxf5cxbz4m6bwjbfqsd8mwzp9fgbc12jbybinkp.nar.xz",
      "References": [
        "4sjmn78w3x034h0w9lig699amnfmh9rp-python-2.7.14-env",
        "6yb5rvr6rvgvx8ylpchwz808djfw07rb-python-2.7.14",
        "bwx7chi4bfb25xg94abiqc1j2qc6vqa3-python2.7-trollius-1.0.4",
        "fd4dr0ri4rj0kycxwi4gbhxy6cbggs1s-python2.7-greenlet-0.4.10",
        "i5ig950zqwln4qi8wfaivgp3bjzzl3jz-python2.7-setuptools-38.2.5",
        "nkq0n2m4shlbdvdq0qijib5zyzgmn0vq-bash-4.4-p12",
        "p3gb43i9n9b22d5mr9nhh7fliyf1wpl6-python2.7-msgpack-python-0.4.7",
        "r4fx6d29glss0wjzbpslsp2i6q0dc5hq-python2.7-futures-3.1.1",
        "r4p4jqcd3r7zl6j00qkld6chqzx15hfn-python2.7-six-1.11.0",
        "wm0629w5zhwvlixj1341xfxwlpnl2amg-python2.7-neovim-0.2.0"
      ]
    },
    "4wqa1whb42khic67rv9jgip30nxmaii8": {
      "StorePath": "/nix/store/4wqa1whb42khic67rv9jgip30nxmaii8-python3-3.6.4",
      "URL": "nar/0cwxmyjyh1cr3xss6dqsrpmhcmwk89p4zkr59jpdsll7lz52k8p8.nar.xz",
      "References": [
        "1zv5dwifxg5fh08gif8ld3h9f40y8czh-glibc-2.26-115",
        "4wqa1whb42khic67rv9jgip30nxmaii8-python3-3.6.4",
        "9mq51i06492rn8ihavf0ff9j38pldg68-coreutils-8.29",
        "a8ccdnd1hbsk9r03vvfprwmmrf3hwdjh-readline-6.3p08",
        "dkipv39s32brad6yrkcnij0kkdlf9nkz-ncurses-6.0-20171125",
        "dzm1rhjx50g7bc7klkxdsdb75pz6fpzg-libffi-3.2.1",
        "k2xs32r942aq6va87zkaa7mrwbpjcy49-bzip2-1.0.6.0.1",
        "la2xxf4grdyf37a94ak28m7a61yjqzr9-zlib-1.2.11",
        "nkq0n2m4shlbdvdq0qijib5zyzgmn0vq-bash-4.4-p12",
        "q6s4xnsk9kw7yxsv0x4v4cc2rx44zc7h-sqlite-3.21.0",
        "s12d9fcyrb1k6zbpm95xzwx0i1pxc267-gdbm-1.13",
        "v8z56hjwli0yxqczzajg5fhi4n6vm65f-openssl-1.0.2n",
        "vxrfcx8g9jhhi7may9p8jnrpr7nwv1wp-expat-2.2.5",
        "w2qlls13sk6bllbni0dyag88fmmvwbin-xz-5.2.3"
      ]
    },
    "678bqsn0nrwii0fa7gs4q9s7yrhb6l8v": {
      "StorePath": "/nix/store/678bqsn0nrwii0fa7gs4q9s7yrhb6l8v-ruby2.3.6-msgpack-1.1.0",
      "URL": "nar/1829xbmwv2lhyp60x9ablqp9x84y8qv1ddynkfg7npyh55zl3ivm.nar.xz",
      "References": [
        "1zv5dwifxg5fh08gif8ld3h9f40y8czh-glibc-2.26-115",
        "3d5vzizh55xl7mk7dq6hxmx2x3r83788-ruby-2.3.6",
        "678bqsn0nrwii0fa7gs4q9s7yrhb6l8v-ruby2.3.6-msgpack-1.1.0",
        "9mq51i06492rn8ihavf0ff9j38pldg68-coreutils-8.29",
        "p2bkk31685y6b4l30bp9961g6kd133wd-glibc-2.26-115-dev",
        "yhbp3fy8bmkqziawl78srgzjwqyy91s1-gcc-6.4.0"
      ]
    },
    "697dh7g650f1qd4aqpkn3zing0g1qgx7": {
      "StorePath": "/nix/store/697dh7g650f1qd4aqpkn3zing0g1qgx7-libX11-1.6.5",
      "URL": "nar/17729haj4ag1c302aaccr75maiz4wlh9d3yr49r76q6xsp18fpfm.nar.xz",
      "References": [
        "1zv5dwifxg5fh08gif8ld3h9f40y8czh-glibc-2.26-115",
        "3bqfa90r2vcm5sg40lkylrwhl4mpmq0v-libXau-1.0.8",
        "697dh7g650f1qd4aqpkn3zing0g1qgx7-libX11-1.6.5",
        "6x1chgawfhzb4bssx1nfpsakybwrch0a-libXdmcp-1.1.2",
        "lnx8y5dz42bzgarl0wwdbwsnl2xq5xfh-libxcb-1.12"
      ]
    },
    "6rc9rbk1hpv34zw9fbkf2p3jazzyzi4p": {
      "StorePath": "/nix/store/6rc9rbk1hpv34zw9fbkf2p3jazzyzi4p-ruby2.3.6-multi_json-1.12.2",
      "URL": "nar/0gh58k4rr19ymaqy9r7zv9yzbc8zlk7bk9mlmccj7shsfzzfb91r.nar.xz",
      "References": [
        "6rc9rbk1hpv34zw9fbkf2p3jazzyzi4p-ruby2.3.6-multi_json-1.12.2"
      ]
    },
    "6whlhghm7s7k27sfx3v42pansxlllmv0": {
      "StorePath": "/nix/store/6whlhghm7s7k27sfx3v42pansxlllmv0-python3.6-greenlet-0.4.10",
      "URL": "nar/0685pwwm0jn0x6r1c6frky05s6aahps9pz1vigbi4gvn4c71fcjy.nar.xz",
      "References": [
        "1zv5dwifxg5fh08gif8ld3h9f40y8czh-glibc-2.26-115",
        "4wqa1whb42khic67rv9jgip30nxmaii8-python3-3.6.4",
        "9amyh4wlzdwrj56blh15q9kzfffc1yq6-python3.6-six-1.11.0",
        "fbkylmmsn471gs2m3pk0bsjpb1i2y984-python3.6-setuptools-38.2.5"
      ]
    },
    "6x1chgawfhzb4bssx1nfpsakybwrch0a": {
      "StorePath": "/nix/store/6x1chgawfhzb4bssx1nfpsakybwrch0a-libXdmcp-1.1.2",
      "URL": "nar/0f3kmralrh9azbg0xw03xi82mpaylnm18mclf31kv32v1ywrlk63.nar.xz",
      "References": [
        "1zv5dwifxg5fh08gif8ld3h9f40y8czh-glibc-2.26-115",
        "6x1chgawfhzb4bssx1nfpsakybwrch0a-libXdmcp-1.1.2"
      ]
    },
    "6y07blp88mrgn05wxbif8yzmd0g2ss4x": {
      "StorePath": "/nix/store/6y07blp88mrgn05wxbif8yzmd0g2ss4x-pcre2-10.46",
      "URL": "nar/1gjj3hj6afclfz4662rgwdic5hdh9jxbhf0wbs1kff34sqbfsxsq.nar.xz",
      "References": [
        "6y07blp88mrgn05wxbif8yzmd0g2ss4x-pcre2-10.46",
        "xx7cm72qy2c0643cm1ipngd87aqwkcdp-glibc-2.40-66"
      ]
    },
    "6yb5rvr6rvgvx8ylpchwz808djfw07rb": {
      "StorePath": "/nix/store/6yb5rvr6rvgvx8ylpchwz808djfw07rb-python-2.7.14",
      "URL": "nar/06r76qp38aqr5ar4j8vag02z4n4p1q6z00j678lpp2jl7j1ilhxi.nar.xz",
      "References": [
        "1jzzs3axv8iwx9h0rndcnk7jh9b7v3wg-db-5.3.28",
        "1zv5dwifxg5fh08gif8ld3h9f40y8czh-glibc-2.26-115",
        "6yb5rvr6rvgvx8ylpchwz808djfw07rb-python-2.7.14",
        "9mq51i06492rn8ihavf0ff9j38pldg68-coreutils-8.29",
        "a8ccdnd1hbsk9r03vvfprwmmrf3hwdjh-readline-6.3p08",
        "dkipv39s32brad6yrkcnij0kkdlf9nkz-ncurses-6.0-20171125",
        "k2xs32r942aq6va87zkaa7mrwbpjcy49-bzip2-1.0.6.0.1",
        "la2xxf4grdyf37a94ak28m7a61yjqzr9-zlib-1.2.11",
        "nkq0n2m4shlbdvdq0qijib5zyzgmn0vq-bash-4.4-p12",
        "q6s4xnsk9kw7yxsv0x4v4cc2rx44zc7h-sqlite-3.21.0",
        "s12d9fcyrb1k6zbpm95xzwx0i1pxc267-gdbm-1.13",
        "v8z56hjwli0yxqczzajg5fhi4n6vm65f-openssl-1.0.2n"
      ]
    },
    "74q6gfab552408isqxl4cq9z5skkxgwr": {
      "StorePath": "/nix/store/74q6gfab552408isqxl4cq9z5skkxgwr-python3-3.6.4-env",
      "URL": "nar/02294zr0yyhdby6jgvl5594ildn07h02nv2whagchhcmf940f1jy.nar.xz",
      "References": [
        "4wqa1whb42khic67rv9jgip30nxmaii8-python3-3.6.4",
        "6whlhghm7s7k27sfx3v42pansxlllmv0-python3.6-greenlet-0.4.10",
        "74q6gfab552408isqxl4cq9z5skkxgwr-python3-3.6.4-env",
        "9amyh4wlzdwrj56blh15q9kzfffc1yq6-python3.6-six-1.11.0",
        "fbkylmmsn471gs2m3pk0bsjpb1i2y984-python3.6-setuptools-38.2.5",
        "gs6jvx100qlrddcgrrqn4w0yd21rbhca-python3.6-neovim-0.2.0",
        "k8qmlzx3xcvaan939175hld49wny59rb-python3.6-msgpack-python-0.4.7",
        "nkq0n2m4shlbdvdq0qijib5zyzgmn0vq-bash-4.4-p12"
      ]
    },
    "824r6f71iqprz1jqj2rm6gjzkdj6cwc7": {
      "StorePath": "/nix/store/824r6f71iqprz1jqj2rm6gjzkdj6cwc7-acl-2.2.52",
      "URL": "nar/0illvhlqkzl3rmjlxwhgknc0hnpw69p9vp7v7zh44c7vmlacvy2f.nar.xz",
      "References": [
        "1zv5dwifxg5fh08gif8ld3h9f40y8czh-glibc-2.26-115",
        "824r6f71iqprz1jqj2rm6gjzkdj6cwc7-acl-2.2.52",
        "c2kwjd7kdm6lbnhk20q8bx4sgvrpnwa6-attr-2.4.47"
      ]
    },
    "8a77p5lybhlq9z9igpm82bnmjq5w79r9": {
      "StorePath": "/nix/store/8a77p5lybhlq9z9igpm82bnmjq5w79r9-ruby2.3.6-neovim-0.6.1",
      "URL": "nar/1ls0pr87k49chryigg5znpfm988jdvlnljxamcl50bm1azdhrlqb.nar.xz",
      "References": [
        "3d5vzizh55xl7mk7dq6hxmx2x3r83788-ruby-2.3.6",
        "678bqsn0nrwii0fa7gs4q9s7yrhb6l8v-ruby2.3.6-msgpack-1.1.0",
        "6rc9rbk1hpv34zw9fbkf2p3jazzyzi4p-ruby2.3.6-multi_json-1.12.2",
        "8a77p5lybhlq9z9igpm82bnmjq5w79r9-ruby2.3.6-neovim-0.6.1"
      ]
    },
    "9amyh4wlzdwrj56blh15q9kzfffc1yq6": {
      "StorePath": "/nix/store/9amyh4wlzdwrj56blh15q9kzfffc1yq6-python3.6-six-1.11.0",
      "URL": "nar/00azivyjpyx40zj9gmjq8imxk77zrwd3si6lag40dzd3qc2d2dvk.nar.xz",
      "References": [
        "4wqa1whb42khic67rv9jgip30nxmaii8-python3-3.6.4",
        "fbkylmmsn471gs2m3pk0bsjpb1i2y984-python3.6-setuptools-38.2.5"
      ]
    },
    "9mq51i06492rn8ihavf0ff9j38pldg68": {
      "StorePath": "/nix/store/9mq51i06492rn8ihavf0ff9j38pldg68-coreutils-8.29",
      "URL": "nar/1zas8h5jk3rrrwbk17ndv622phhd13cd1bxn2w11v01w3b1zvbsz.nar.xz",
      "References": [
        "1zv5dwifxg5fh08gif8ld3h9f40y8czh-glibc-2.26-115",
        "824r6f71iqprz1jqj2rm6gjzkdj6cwc7-acl-2.2.52",
        "9mq51i06492rn8ihavf0ff9j38pldg68-coreutils-8.29",
        "c2kwjd7kdm6lbnhk20q8bx4sgvrpnwa6-attr-2.4.47"
      ]
    },
    "a8ccdnd1hbsk9r03vvfprwmmrf3hwdjh": {
      "StorePath": "/nix/store/a8ccdnd1hbsk9r03vvfprwmmrf3hwdjh-readline-6.3p08",
      "URL": "nar/0282bdyzdqgiarzy8l067n448zchc9glbk7icyi2jfdfi85nb4vg.nar.xz",
      "References": [
        "1zv5dwifxg5fh08gif8ld3h9f40y8czh-glibc-2.26-115",
        "dkipv39s32brad6yrkcnij0kkdlf9nkz-ncurses-6.0-20171125"
      ]
    },
    "a96ckwqkcjpibqvfgwqi4v0pjlizba8j": {
      "StorePath": "/nix/store/a96ckwqkcjpibqvfgwqi4v0pjlizba8j-gnugrep-3.1",
      "URL": "nar/05sysd4s018facqdsndrah4pdl4wb45309ka87733css67mz29ak.nar.xz",
      "References": [
        "1zv5dwifxg5fh08gif8ld3h9f40y8czh-glibc-2.26-115",
        "a96ckwqkcjpibqvfgwqi4v0pjlizba8j-gnugrep-3.1",
        "lawaycgm7znxi5l1h8kk3cmai23762r0-pcre-8.41"
      ]
    },
    "a9azik4fmwxars0na4aqjfp04rxwkpnw": {
      "StorePath": "/nix/store/a9azik4fmwxars0na4aqjfp04rxwkpnw-expand-response-params",
      "URL": "nar/1l6qphfgnf5q9l0bff6s77q244ljcg9ky9qymi8f7qwbf1343rg2.nar.xz",
      "References": [
        "1zv5dwifxg5fh08gif8ld3h9f40y8czh-glibc-2.26-115"
      ]
    },
    "bwx7chi4bfb25xg94abiqc1j2qc6vqa3": {
      "StorePath": "/nix/store/bwx7chi4bfb25xg94abiqc1j2qc6vqa3-python2.7-trollius-1.0.4",
      "URL": "nar/0gzrvs9sd6naj594jchfsn4298wnikfg0q72vzycrsnqqrd4aypb.nar.xz",
      "References": [
        "6yb5rvr6rvgvx8ylpchwz808djfw07rb-python-2.7.14",
        "i5ig950zqwln4qi8wfaivgp3bjzzl3jz-python2.7-setuptools-38.2.5",
        "r4fx6d29glss0wjzbpslsp2i6q0dc5hq-python2.7-futures-3.1.1"
      ]
    },
    "c2kwjd7kdm6lbnhk20q8bx4sgvrpnwa6": {
      "StorePath": "/nix/store/c2kwjd7kdm6lbnhk20q8bx4sgvrpnwa6-attr-2.4.47",
      "URL": "nar/15cik8dfcg4q2qb6vz0b0pqdrnsigml5r08rhh74p3jczjcsllvz.nar.xz",
      "References": [
        "1zv5dwifxg5fh08gif8ld3h9f40y8czh-glibc-2.26-115",
        "c2kwjd7kdm6lbnhk20q8bx4sgvrpnwa6-attr-2.4.47"
      ]
    },
    "d87gm73hjl7137b70f6b90zc02v6yx14": {
      "StorePath": "/nix/store/d87gm73hjl7137b70f6b90zc02v6yx14-bundler-1.14.6",
      "URL": "nar/01bn4q9sbq9nm1c9iz5wilwllg4c97kpy369x6pgjhwz52qbs2mx.nar.xz",
      "References": [
        "3d5vzizh55xl7mk7dq6hxmx2x3r83788-ruby-2.3.6",
        "d87gm73hjl7137b70f6b90zc02v6yx14-bundler-1.14.6"
      ]
    },
    "dkipv39s32brad6yrkcnij0kkdlf9nkz": {
      "StorePath": "/nix/store/dkipv39s32brad6yrkcnij0kkdlf9nkz-ncurses-6.0-20171125",
      "URL": "nar/0cp33zv09s3b25nh9zgpx29z4d1f6j360m62mw6cm5iimzx1ac98.nar.xz",
      "References": [
        "1zv5dwifxg5fh08gif8ld3h9f40y8czh-glibc-2.26-115",
        "dkipv39s32brad6yrkcnij0kkdlf9nkz-ncurses-6.0-20171125"
      ]
    },
    "dzm1rhjx50g7bc7klkxdsdb75pz6fpzg": {
      "StorePath": "/nix/store/dzm1rhjx50g7bc7klkxdsdb75pz6fpzg-libffi-3.2.1",
      "URL": "nar/04g74rwdplmcc685zp70gf1f2x87v5zbpanjfic2sys598kg6b79.nar.xz",
      "References": [
        "1zv5dwifxg5fh08gif8ld3h9f40y8czh-glibc-2.26-115",
        "dzm1rhjx50g7bc7klkxdsdb75pz6fpzg-libffi-3.2.1"
      ]
    },
    "fbkylmmsn471gs2m3pk0bsjpb1i2y984": {
      "StorePath": "/nix/store/fbkylmmsn471gs2m3pk0bsjpb1i2y984-python3.6-setuptools-38.2.5",
      "URL": "nar/1xx8s3c04ldl4jghf3208kx4x3l4cpqwpvnywxhmc3l62gkjrhak.nar.xz",
      "References": [
        "4wqa1whb42khic67rv9jgip30nxmaii8-python3-3.6.4",
        "fbkylmmsn471gs2m3pk0bsjpb1i2y984-python3.6-setuptools-38.2.5",
        "nkq0n2m4shlbdvdq0qijib5zyzgmn0vq-bash-4.4-p12"
      ]
    },
    "fd4dr0ri4rj0kycxwi4gbhxy6cbggs1s": {
      "StorePath": "/nix/store/fd4dr0ri4rj0kycxwi4gbhxy6cbggs1s-python2.7-greenlet-0.4.10",
      "URL": "nar/140pr011bmxka34p41yiraqklz0yh5a4z7q3dbijbbsflhl485g1.nar.xz",
      "References": [
        "1zv5dwifxg5fh08gif8ld3h9f40y8czh-glibc-2.26-115",
        "6yb5rvr6rvgvx8ylpchwz808djfw07rb-python-2.7.14",
        "i5ig950zqwln4qi8wfaivgp3bjzzl3jz-python2.7-setuptools-38.2.5",
        "r4p4jqcd3r7zl6j00qkld6chqzx15hfn-python2.7-six-1.11.0"
      ]
    },
    "fszfhjfjajwlhzmiyi8bdhvdxlw5n2ff": {
      "StorePath": "/nix/store/fszfhjfjajwlhzmiyi8bdhvdxlw5n2ff-linux-headers-4.4.10",
      "URL": "nar/08sy32qzny57paqy0hx1ar0i3gv7rggy2vw9w2lvd46sp2f5xka5.nar.xz",
      "References": [
        "fszfhjfjajwlhzmiyi8bdhvdxlw5n2ff-linux-headers-4.4.10"
      ]
    },
    "g4z9m2pl1wcv35yzgjg1934gmj83gx9m": {
      "StorePath": "/nix/store/g4z9m2pl1wcv35yzgjg1934gmj83gx9m-mailcap-2.1.54",
      "URL": "nar/1q652ahj7r20mlr4srdxjcnvx9z1678yx137dh3iiajr22m2lvsz.nar.xz",
      "References": null
    },
    "gd5z1rvhkj13bmxpmr8ayqgkd7z3n85q": {
      "StorePath": "/nix/store/gd5z1rvhkj13bmxpmr8ayqgkd7z3n85q-libuv-1.18.0",
      "URL": "nar/0ih7a6j6v0iyj7d9a55k933f6iwc53rqd8fc0svh4a6wr97k5gs7.nar.xz",
      "References": [
        "1zv5dwifxg5fh08gif8ld3h9f40y8czh-glibc-2.26-115",
        "gd5z1rvhkj13bmxpmr8ayqgkd7z3n85q-libuv-1.18.0"
      ]
    },
    "gs6jvx100qlrddcgrrqn4w0yd21rbhca": {
      "StorePath": "/nix/store/gs6jvx100qlrddcgrrqn4w0yd21rbhca-python3.6-neovim-0.2.0",
      "URL": "nar/1yy25x4bl4wclydpfk6dafaxr21a80w4nrkb6imrn7cpkdccywi5.nar.xz",
      "References": [
        "4wqa1whb42khic67rv9jgip30nxmaii8-python3-3.6.4",
        "6whlhghm7s7k27sfx3v42pansxlllmv0-python3.6-greenlet-0.4.10",
        "fbkylmmsn471gs2m3pk0bsjpb1i2y984-python3.6-setuptools-38.2.5",
        "k8qmlzx3xcvaan939175hld49wny59rb-python3.6-msgpack-python-0.4.7"
      ]
    },
    "gvggz9racjl8v0qw0x3v06b2blhdjr8i": {
      "StorePath": "/nix/store/gvggz9racjl8v0qw0x3v06b2blhdjr8i-unibilium-1.2.1",
      "URL": "nar/0pvvfg33adfl0c8sgcicrmajkkn6ci2xpwbxccwkj6r829318dhi.nar.xz",
      "References": [
        "1zv5dwifxg5fh08gif8ld3h9f40y8czh-glibc-2.26-115",
        "gvggz9racjl8v0qw0x3v06b2blhdjr8i-unibilium-1.2.1"
      ]
    },
    "hniz30sqjd9yra13h8gfnkvfwg7zdv2b": {
      "StorePath": "/nix/store/hniz30sqjd9yra13h8gfnkvfwg7zdv2b-xsel-unstable-2016-09-02",
      "URL": "nar/17xcn7nzdp0bp71pl8gmaq8d17scsvsspc5jjxfzfygfwn27jyhv.nar.xz",
      "References": [
        "1zv5dwifxg5fh08gif8ld3h9f40y8czh-glibc-2.26-115",
        "697dh7g650f1qd4aqpkn3zing0g1qgx7-libX11-1.6.5"
      ]
    },
    "hxcmad417fd8ql9ylx96xpak7da06yiv": {
      "StorePath": "/nix/store/hxcmad417fd8ql9ylx96xpak7da06yiv-libidn2-2.3.8",
      "URL": "nar/0ba31li9jzcy3sgsix34pz9kf4rgfxx4c986bzszgvs9gg6cpbnz.nar.xz",
      "References": [
        "3rkccxj7vi0p2a0d48c4a4z2vv2cni88-libunistring-1.4.1",
        "hxcmad417fd8ql9ylx96xpak7da06yiv-libidn2-2.3.8"
      ]
    },
    "i5ig950zqwln4qi8wfaivgp3bjzzl3jz": {
      "StorePath": "/nix/store/i5ig950zqwln4qi8wfaivgp3bjzzl3jz-python2.7-setuptools-38.2.5",
      "URL": "nar/1yqqkrzykyjgyg69kl126px2d7jdsnc9d0v9mbnvk35b8gg1w2m1.nar.xz",
      "References": [
        "6yb5rvr6rvgvx8ylpchwz808djfw07rb-python-2.7.14",
        "i5ig950zqwln4qi8wfaivgp3bjzzl3jz-python2.7-setuptools-38.2.5",
        "nkq0n2m4shlbdvdq0qijib5zyzgmn0vq-bash-4.4-p12"
      ]
    },
    "i9kmd5fpay17n2dfxzy3nx4pz98qb00a": {
      "StorePath": "/nix/store/i9kmd5fpay17n2dfxzy3nx4pz98qb00a-gcc-wrapper-6.4.0",
      "URL": "nar/1h8dskfi5x9fl9lxfny0aqcdgg1pbljb6d4swn3y70i062lh7qd6.nar.xz",
      "References": [
        "1zv5dwifxg5fh08gif8ld3h9f40y8czh-glibc-2.26-115",
        "292g14vvf1p8h3nkdx4vvq7b1bh3p1ww-glibc-2.26-115-bin",
        "2cws7lpkv8pfw3jma5g4jh4qf3hnfsyh-binutils-wrapper-2.28.1",
        "9mq51i06492rn8ihavf0ff9j38pldg68-coreutils-8.29",
        "a96ckwqkcjpibqvfgwqi4v0pjlizba8j-gnugrep-3.1",
        "a9azik4fmwxars0na4aqjfp04rxwkpnw-expand-response-params",
        "i9kmd5fpay17n2dfxzy3nx4pz98qb00a-gcc-wrapper-6.4.0",
        "nkq0n2m4shlbdvdq0qijib5zyzgmn0vq-bash-4.4-p12",
        "p2bkk31685y6b4l30bp9961g6kd133wd-glibc-2.26-115-dev",
        "yfkvvnp2ak44nlhfm4xq82i52kzrj4cc-gcc-6.4.0-lib",
        "yhbp3fy8bmkqziawl78srgzjwqyy91s1-gcc-6.4.0"
      ]
    },
    "imnf0q3vmgkq46yn8jaadfp267py6xwh": {
      "StorePath": "/nix/store/imnf0q3vmgkq46yn8jaadfp267py6xwh-luajit-2.1.0-beta3",
      "URL": "nar/025mx9sy9h3fj5dy5jfgqwyrbwzdx6zya2qjbzv75kj6c5s5l2l3.nar.xz",
      "References": [
        "1zv5dwifxg5fh08gif8ld3h9f40y8czh-glibc-2.26-115",
        "imnf0q3vmgkq46yn8jaadfp267py6xwh-luajit-2.1.0-beta3"
      ]
    },
    "jlmymwqfa95azrxj3dr2m9i3ji74nri0": {
      "StorePath": "/nix/store/jlmymwqfa95azrxj3dr2m9i3ji74nri0-neovim-ruby-env",
      "URL": "nar/11aczzsjs8bm5wgi4mbfqsfpklix1x4icywyp1s1lcbga2apa6ma.nar.xz",
      "References": [
        "3d5vzizh55xl7mk7dq6hxmx2x3r83788-ruby-2.3.6",
        "678bqsn0nrwii0fa7gs4q9s7yrhb6l8v-ruby2.3.6-msgpack-1.1.0",
        "6rc9rbk1hpv34zw9fbkf2p3jazzyzi4p-ruby2.3.6-multi_json-1.12.2",
        "8a77p5lybhlq9z9igpm82bnmjq5w79r9-ruby2.3.6-neovim-0.6.1",
        "d87gm73hjl7137b70f6b90zc02v6yx14-bundler-1.14.6",
        "jlmymwqfa95azrxj3dr2m9i3ji74nri0-neovim-ruby-env",
        "yl1h7yc9nm8axyngsdlly9k24wwy0grx-gemfile-and-lockfile"
      ]
    },
    "k2xs32r942aq6va87zkaa7mrwbpjcy49": {
      "StorePath": "/nix/store/k2xs32r942aq6va87zkaa7mrwbpjcy49-bzip2-1.0.6.0.1",
      "URL": "nar/0kh2v277y1i3zb37fvly6nh5y4snf20n6kgsj7050kgilhwsszy1.nar.xz",
      "References": [
        "1zv5dwifxg5fh08gif8ld3h9f40y8czh-glibc-2.26-115",
        "k2xs32r942aq6va87zkaa7mrwbpjcy49-bzip2-1.0.6.0.1"
      ]
    },
    "k8qmlzx3xcvaan939175hld49wny59rb": {
      "StorePath": "/nix/store/k8qmlzx3xcvaan939175hld49wny59rb-python3.6-msgpack-python-0.4.7",
      "URL": "nar/0ai3g174m966yd9gz2fyqf2jb2f70kivanbqi53fy6dsqxp8ssl7.nar.xz",
      "References": [
        "1zv5dwifxg5fh08gif8ld3h9f40y8czh-glibc-2.26-115",
        "4wqa1whb42khic67rv9jgip30nxmaii8-python3-3.6.4",
        "fbkylmmsn471gs2m3pk0bsjpb1i2y984-python3.6-setuptools-38.2.5",
        "k8qmlzx3xcvaan939175hld49wny59rb-python3.6-msgpack-python-0.4.7",
        "yfkvvnp2ak44nlhfm4xq82i52kzrj4cc-gcc-6.4.0-lib"
      ]
    },
    "la2xxf4grdyf37a94ak28m7a61yjqzr9": {
      "StorePath": "/nix/store/la2xxf4grdyf37a94ak28m7a61yjqzr9-zlib-1.2.11",
      "URL": "nar/0kywb0l41my18ajmavb9jsi54hfdjvp3qibh0bqc6v8gvccc3xp6.nar.xz",
      "References": [
        "1zv5dwifxg5fh08gif8ld3h9f40y8czh-glibc-2.26-115"
      ]
    },
    "lawaycgm7znxi5l1h8kk3cmai23762r0": {
      "StorePath": "/nix/store/lawaycgm7znxi5l1h8kk3cmai23762r0-pcre-8.41",
      "URL": "nar/1y0hpxcavwjayk8nkkxv3idbdvczdzbnw0ajccpzzq1p8n0yayzc.nar.xz",
      "References": [
        "1zv5dwifxg5fh08gif8ld3h9f40y8czh-glibc-2.26-115",
        "lawaycgm7znxi5l1h8kk3cmai23762r0-pcre-8.41"
      ]
    },
    "lnx8y5dz42bzgarl0wwdbwsnl2xq5xfh": {
      "StorePath": "/nix/store/lnx8y5dz42bzgarl0wwdbwsnl2xq5xfh-libxcb-1.12",
      "URL": "nar/1wnzmf38j7hq5723br7h1s6n67pfi4gxjsjq9j0xn4f7v7i5cvil.nar.xz",
      "References": [
        "1zv5dwifxg5fh08gif8ld3h9f40y8czh-glibc-2.26-115",
        "3bqfa90r2vcm5sg40lkylrwhl4mpmq0v-libXau-1.0.8",
        "6x1chgawfhzb4bssx1nfpsakybwrch0a-libXdmcp-1.1.2",
        "lnx8y5dz42bzgarl0wwdbwsnl2xq5xfh-libxcb-1.12"
      ]
    },
    "nkq0n2m4shlbdvdq0qijib5zyzgmn0vq": {
      "StorePath": "/nix/store/nkq0n2m4shlbdvdq0qijib5zyzgmn0vq-bash-4.4-p12",
      "URL": "nar/17vpziyfzw8s3rxv7h9rk7dhkginhiad8bja4ffpx1nlg1pzzi3p.nar.xz",
      "References": [
        "1zv5dwifxg5fh08gif8ld3h9f40y8czh-glibc-2.26-115",
        "nkq0n2m4shlbdvdq0qijib5zyzgmn0vq-bash-4.4-p12"
      ]
    },
    "p2bkk31685y6b4l30bp9961g6kd133wd": {
      "StorePath": "/nix/store/p2bkk31685y6b4l30bp9961g6kd133wd-glibc-2.26-115-dev",
      "URL": "nar/1755iv22p804407p795jfqslbz7281hcci1v9c1zqbzisfamwgap.nar.xz",
      "References": [
        "1zv5dwifxg5fh08gif8ld3h9f40y8czh-glibc-2.26-115",
        "292g14vvf1p8h3nkdx4vvq7b1bh3p1ww-glibc-2.26-115-bin",
        "fszfhjfjajwlhzmiyi8bdhvdxlw5n2ff-linux-headers-4.4.10"
      ]
    },
    "p3gb43i9n9b22d5mr9nhh7fliyf1wpl6": {
      "StorePath": "/nix/store/p3gb43i9n9b22d5mr9nhh7fliyf1wpl6-python2.7-msgpack-python-0.4.7",
      "URL": "nar/0dh3c9grvzbvwanqbg80lp2slabvr01g9b8lwnf091cmv6w0ry9z.nar.xz",
      "References": [
        "1zv5dwifxg5fh08gif8ld3h9f40y8czh-glibc-2.26-115",
        "6yb5rvr6rvgvx8ylpchwz808djfw07rb-python-2.7.14",
        "i5ig950zqwln4qi8wfaivgp3bjzzl3jz-python2.7-setuptools-38.2.5",
        "p3gb43i9n9b22d5mr9nhh7fliyf1wpl6-python2.7-msgpack-python-0.4.7",
        "yfkvvnp2ak44nlhfm4xq82i52kzrj4cc-gcc-6.4.0-lib"
      ]
    },
    "q6s4xnsk9kw7yxsv0x4v4cc2rx44zc7h": {
      "StorePath": "/nix/store/q6s4xnsk9kw7yxsv0x4v4cc2rx44zc7h-sqlite-3.21.0",
      "URL": "nar/1bkid98qks7ggpnrlqaf3jkg8bn1irbvmcwx6zifq2zlx5yhg9jv.nar.xz",
      "References": [
        "1zv5dwifxg5fh08gif8ld3h9f40y8czh-glibc-2.26-115",
        "q6s4xnsk9kw7yxsv0x4v4cc2rx44zc7h-sqlite-3.21.0"
      ]
    },
    "qnv9sbhbw70v990q01432ipqkl4y0dcc": {
      "StorePath": "/nix/store/qnv9sbhbw70v990q01432ipqkl4y0dcc-neovim-0.2.1",
      "URL": "nar/0gfbhdrc28c9h3kzv1aszraz2pz2yzv5kxxzdrfd5y3xy4kq6rv9.nar.xz",
      "References": [
        "1fjvjshcrcf1lzmrpgn0wjvggz2x982a-libmsgpack-2.1.5",
        "1zv5dwifxg5fh08gif8ld3h9f40y8czh-glibc-2.26-115",
        "4sjmn78w3x034h0w9lig699amnfmh9rp-python-2.7.14-env",
        "74q6gfab552408isqxl4cq9z5skkxgwr-python3-3.6.4-env",
        "gd5z1rvhkj13bmxpmr8ayqgkd7z3n85q-libuv-1.18.0",
        "gvggz9racjl8v0qw0x3v06b2blhdjr8i-unibilium-1.2.1",
        "hniz30sqjd9yra13h8gfnkvfwg7zdv2b-xsel-unstable-2016-09-02",
        "i9kmd5fpay17n2dfxzy3nx4pz98qb00a-gcc-wrapper-6.4.0",
        "imnf0q3vmgkq46yn8jaadfp267py6xwh-luajit-2.1.0-beta3",
        "jlmymwqfa95azrxj3dr2m9i3ji74nri0-neovim-ruby-env",
        "nkq0n2m4shlbdvdq0qijib5zyzgmn0vq-bash-4.4-p12",
        "p2bkk31685y6b4l30bp9961g6kd133wd-glibc-2.26-115-dev",
        "qnv9sbhbw70v990q01432ipqkl4y0dcc-neovim-0.2.1",
        "wfyaky8wmcphk95n68z05h5n1d0y38k6-libtermkey-0.19",
        "wxlgknz0q89lb6k67s0gszswwwns12n5-jemalloc-5.0.1",
        "x78x5h01cbl5hp61bswa4cq3171j1xcc-neovim-libvterm-2017-11-05"
      ]
    },
    "r4fx6d29glss0wjzbpslsp2i6q0dc5hq": {
      "StorePath": "/nix/store/r4fx6d29glss0wjzbpslsp2i6q0dc5hq-python2.7-futures-3.1.1",
      "URL": "nar/13j17sfrv5hag4giv621lxqssyq8j83z745s1smbmhi2ix2qibdd.nar.xz",
      "References": [
        "6yb5rvr6rvgvx8ylpchwz808djfw07rb-python-2.7.14",
        "i5ig950zqwln4qi8wfaivgp3bjzzl3jz-python2.7-setuptools-38.2.5"
      ]
    },
    "r4p4jqcd3r7zl6j00qkld6chqzx15hfn": {
      "StorePath": "/nix/store/r4p4jqcd3r7zl6j00qkld6chqzx15hfn-python2.7-six-1.11.0",
      "URL": "nar/1ibfqdk59kck8swxgyd5dj30m9f77h8idjiya2a5rhk2r2dhya46.nar.xz",
      "References": [
        "6yb5rvr6rvgvx8ylpchwz808djfw07rb-python-2.7.14",
        "i5ig950zqwln4qi8wfaivgp3bjzzl3jz-python2.7-setuptools-38.2.5"
      ]
    },
    "rlq03x4cwf8zn73hxaxnx0zn5q9kifls": {
      "StorePath": "/nix/store/rlq03x4cwf8zn73hxaxnx0zn5q9kifls-bash-5.3p3",
      "URL": "nar/1dwqacysbay4jclhayjamw5rqvamfdqw9b204lrmxlj3b2adljwv.nar.xz",
      "References": [
        "rlq03x4cwf8zn73hxaxnx0zn5q9kifls-bash-5.3p3",
        "xx7cm72qy2c0643cm1ipngd87aqwkcdp-glibc-2.40-66"
      ]
    },
    "s12d9fcyrb1k6zbpm95xzwx0i1pxc267": {
      "StorePath": "/nix/store/s12d9fcyrb1k6zbpm95xzwx0i1pxc267-gdbm-1.13",
      "URL": "nar/1dx6y97h6nn0k2cxaxfcmnm14cix78dx7x5kpva0d13byj05z8gh.nar.xz",
      "References": [
        "1zv5dwifxg5fh08gif8ld3h9f40y8czh-glibc-2.26-115",
        "s12d9fcyrb1k6zbpm95xzwx0i1pxc267-gdbm-1.13"
      ]
    },
    "shs2lyjm5yv7fmg4pwyvrlv9zr4macmv": {
      "StorePath": "/nix/store/shs2lyjm5yv7fmg4pwyvrlv9zr4macmv-gcc-14.3.0-libgcc",
      "URL": "nar/0rb32hq3h0klp75ky5bdyzs9bfqvnrvz2ygb8vhk8qbqavzbajbg.nar.xz",
      "References": null
    },
    "v8z56hjwli0yxqczzajg5fhi4n6vm65f": {
      "StorePath": "/nix/store/v8z56hjwli0yxqczzajg5fhi4n6vm65f-openssl-1.0.2n",
      "URL": "nar/12czzq1ycr7klydx0qp3qpll1jr7zw31adnwj3dkwh6c5fpdq1a6.nar.xz",
      "References": [
        "1zv5dwifxg5fh08gif8ld3h9f40y8czh-glibc-2.26-115",
        "v8z56hjwli0yxqczzajg5fhi4n6vm65f-openssl-1.0.2n"
      ]
    },
    "vxrfcx8g9jhhi7may9p8jnrpr7nwv1wp": {
      "StorePath": "/nix/store/vxrfcx8g9jhhi7may9p8jnrpr7nwv1wp-expat-2.2.5",
      "URL": "nar/115s1fgds5d94g0y3i31dq5zxygbp8ainnfbvazgavfasy5lbnmg.nar.xz",
      "References": [
        "1zv5dwifxg5fh08gif8ld3h9f40y8czh-glibc-2.26-115",
        "vxrfcx8g9jhhi7may9p8jnrpr7nwv1wp-expat-2.2.5"
      ]
    },
    "w2qlls13sk6bllbni0dyag88fmmvwbin": {
      "StorePath": "/nix/store/w2qlls13sk6bllbni0dyag88fmmvwbin-xz-5.2.3",
      "URL": "nar/1m6ny6aawsylr7p80adhx7wbvlny241c6x10xl4mk1rgywgba6n7.nar.xz",
      "References": [
        "1zv5dwifxg5fh08gif8ld3h9f40y8czh-glibc-2.26-115",
        "w2qlls13sk6bllbni0dyag88fmmvwbin-xz-5.2.3"
      ]
    },
    "wfyaky8wmcphk95n68z05h5n1d0y38k6": {
      "StorePath": "/nix/store/wfyaky8wmcphk95n68z05h5n1d0y38k6-libtermkey-0.19",
      "URL": "nar/1qzvsl0n26qfk7vwm0cqgisxszci8ajpnjwzfnr60hi83dp216jr.nar.xz",
      "References": [
        "1zv5dwifxg5fh08gif8ld3h9f40y8czh-glibc-2.26-115",
        "dkipv39s32brad6yrkcnij0kkdlf9nkz-ncurses-6.0-20171125",
        "wfyaky8wmcphk95n68z05h5n1d0y38k6-libtermkey-0.19"
      ]
    },
    "wm0629w5zhwvlixj1341xfxwlpnl2amg": {
      "StorePath": "/nix/store/wm0629w5zhwvlixj1341xfxwlpnl2amg-python2.7-neovim-0.2.0",
      "URL": "nar/1j894k2cay8bwcb9r0vg551zqiii2sicanr0nvs33f8cq1scfsjm.nar.xz",
      "References": [
        "6yb5rvr6rvgvx8ylpchwz808djfw07rb-python-2.7.14",
        "bwx7chi4bfb25xg94abiqc1j2qc6vqa3-python2.7-trollius-1.0.4",
        "fd4dr0ri4rj0kycxwi4gbhxy6cbggs1s-python2.7-greenlet-0.4.10",
        "i5ig950zqwln4qi8wfaivgp3bjzzl3jz-python2.7-setuptools-38.2.5",
        "p3gb43i9n9b22d5mr9nhh7fliyf1wpl6-python2.7-msgpack-python-0.4.7"
      ]
    },
    "wxlgknz0q89lb6k67s0gszswwwns12n5": {
      "StorePath": "/nix/store/wxlgknz0q89lb6k67s0gszswwwns12n5-jemalloc-5.0.1",
      "URL": "nar/08nraxdxww2an9pqy1dfapy5kf87jwjcxk4070gz5vh28xf096ly.nar.xz",
      "References": [
        "1zv5dwifxg5fh08gif8ld3h9f40y8czh-glibc-2.26-115",
        "nkq0n2m4shlbdvdq0qijib5zyzgmn0vq-bash-4.4-p12",
        "wxlgknz0q89lb6k67s0gszswwwns12n5-jemalloc-5.0.1",
        "yfkvvnp2ak44nlhfm4xq82i52kzrj4cc-gcc-6.4.0-lib"
      ]
    },
    "wxn5gn8amxm1w0ikcx4gbs8a17wvss4j": {
      "StorePath": "/nix/store/wxn5gn8amxm1w0ikcx4gbs8a17wvss4j-binutils-2.28.1",
      "URL": "nar/1qkbml7xabq3dh8c0cvjvh2yvgfqzrbzfpwn1rdfxpq1l1nk1b2d.nar.xz",
      "References": [
        "1zv5dwifxg5fh08gif8ld3h9f40y8czh-glibc-2.26-115",
        "la2xxf4grdyf37a94ak28m7a61yjqzr9-zlib-1.2.11",
        "wxn5gn8amxm1w0ikcx4gbs8a17wvss4j-binutils-2.28.1"
      ]
    },
    "x78x5h01cbl5hp61bswa4cq3171j1xcc": {
      "StorePath": "/nix/store/x78x5h01cbl5hp61bswa4cq3171j1xcc-neovim-libvterm-2017-11-05",
      "URL": "nar/063rkls1iph5b40vqyqphwybcaw7p075wrl314wlgww2xaxj5nn6.nar.xz",
      "References": [
        "1zv5dwifxg5fh08gif8ld3h9f40y8czh-glibc-2.26-115",
        "x78x5h01cbl5hp61bswa4cq3171j1xcc-neovim-libvterm-2017-11-05"
      ]
    },
    "xaa75rd44q62nc9mrbvym9d1m6gy0fj8": {
      "StorePath": "/nix/store/xaa75rd44q62nc9mrbvym9d1m6gy0fj8-tzdata-2025b",
      "URL": "nar/165sqx1rnhl69ra9abw4izvh63gnniknh5kfydph2s4hvgahg11z.nar.xz",
      "References": null
    },
    "xm08aqdd7pxcdhm0ak6aqb1v7hw5q6ri": {
      "StorePath": "/nix/store/xm08aqdd7pxcdhm0ak6aqb1v7hw5q6ri-gcc-14.3.0-lib",
      "URL": "nar/0287z2wv85bcnba0hfmysmsq2dwakav96l5shsq2zrlv2a5bwwh7.nar.xz",
      "References": [
        "shs2lyjm5yv7fmg4pwyvrlv9zr4macmv-gcc-14.3.0-libgcc",
        "xm08aqdd7pxcdhm0ak6aqb1v7hw5q6ri-gcc-14.3.0-lib",
        "xx7cm72qy2c0643cm1ipngd87aqwkcdp-glibc-2.40-66"
      ]
    },
    "xx7cm72qy2c0643cm1ipngd87aqwkcdp": {
      "StorePath": "/nix/store/xx7cm72qy2c0643cm1ipngd87aqwkcdp-glibc-2.40-66",
      "URL": "nar/07wrglz4aqprvqwrqcnkik48038hb9wd7lgch754s6gq1mfq7gzs.nar.xz",
      "References": [
        "2a3izq4hffdd9r9gb2w6q2ibdc86kss6-xgcc-14.3.0-libgcc",
        "hxcmad417fd8ql9ylx96xpak7da06yiv-libidn2-2.3.8",
        "xx7cm72qy2c0643cm1ipngd87aqwkcdp-glibc-2.40-66"
      ]
    },
    "yfkvvnp2ak44nlhfm4xq82i52kzrj4cc": {
      "StorePath": "/nix/store/yfkvvnp2ak44nlhfm4xq82i52kzrj4cc-gcc-6.4.0-lib",
      "URL": "nar/10l1ijqf1wgf04cva6vwfs8pd07dvrx6j2mcwcnfj01ndk7h5v5s.nar.xz",
      "References": [
        "1zv5dwifxg5fh08gif8ld3h9f40y8czh-glibc-2.26-115",
        "yfkvvnp2ak44nlhfm4xq82i52kzrj4cc-gcc-6.4.0-lib"
      ]
    },
    "yhbp3fy8bmkqziawl78srgzjwqyy91s1": {
      "StorePath": "/nix/store/yhbp3fy8bmkqziawl78srgzjwqyy91s1-gcc-6.4.0",
      "URL": "nar/14jsq06lqb8kzhjzq69ak2n7y897fy01csrxdjm108zbpb1mvra5.nar.xz",
      "References": [
        "1zv5dwifxg5fh08gif8ld3h9f40y8czh-glibc-2.26-115",
        "la2xxf4grdyf37a94ak28m7a61yjqzr9-zlib-1.2.11",
        "p2bkk31685y6b4l30bp9961g6kd133wd-glibc-2.26-115-dev",
        "yfkvvnp2ak44nlhfm4xq82i52kzrj4cc-gcc-6.4.0-lib",
        "yhbp3fy8bmkqziawl78srgzjwqyy91s1-gcc-6.4.0"
      ]
    },
    "yl1h7yc9nm8axyngsdlly9k24wwy0grx": {
      "StorePath": "/nix/store/yl1h7yc9nm8axyngsdlly9k24wwy0grx-gemfile-and-lockfile",
      "URL": "nar/0lf4p9264vz8zhz93l9s2p1d6y02h6x99p6v07vrpdjs03sg9isz.nar.xz",
      "References": null
    }
  },
  "files": {}
}